{
  "version": 4,
  "terraform_version": "1.15.2",
  "serial": 25,
  "lineage": "797a90de-c7ac-3977-9b5c-76015bfea2c9",
  "outputs": {
    "s3_buckets": {
      "value": [
        "uni-raw-data-b1gualomaijt1a9no9sa",
        "uni-bronze-layer-b1gualomaijt1a9no9sa",
        "uni-silver-layer-b1gualomaijt1a9no9sa",
        "uni-gold-layer-b1gualomaijt1a9no9sa"
      ],
      "type": [
        "tuple",
        [
          "string",
          "string",
          "string",
          "string"
        ]
      ]
    },
    "subnet_id": {
      "value": "e9bun2dnauajqniofs9t",
      "type": "string"
    },
    "vm_internal_ip": {
      "value": "10.10.0.15",
      "type": "string"
    },
    "vm_public_ip": {
      "value": "51.250.82.7",
      "type": "string"
    },
    "vpc_network_id": {
      "value": "enpcmgo39lhup5875b7l",
      "type": "string"
    }
  },
  "resources": [
    {
      "mode": "managed",
      "type": "yandex_compute_instance",
      "name": "airflow_vm",
      "provider": "provider[\"registry.terraform.io/yandex-cloud/yandex\"]",
      "instances": [
        {
          "schema_version": 1,
          "attributes": {
            "allow_recreate": null,
            "allow_stopping_for_update": null,
            "boot_disk": [
              {
                "auto_delete": true,
                "device_name": "fhm601mmf3tg0s2g52c4",
                "disk_id": "fhm601mmf3tg0s2g52c4",
                "initialize_params": [
                  {
                    "block_size": 4096,
                    "description": "",
                    "image_id": "fd817i7o8012578061ra",
                    "name": "",
                    "size": 50,
                    "snapshot_id": "",
                    "type": "network-hdd"
                  }
                ],
                "mode": "READ_WRITE"
              }
            ],
            "created_at": "2026-05-07T17:15:18Z",
            "description": "",
            "filesystem": [],
            "folder_id": "b1gualomaijt1a9no9sa",
            "fqdn": "fhmcoc5rnijgtbcb6ofp.auto.internal",
            "gpu_cluster_id": "",
            "hostname": "",
            "id": "fhmcoc5rnijgtbcb6ofp",
            "labels": {},
            "local_disk": [],
            "maintenance_grace_period": "",
            "maintenance_policy": null,
            "metadata": {
              "ssh-keys": "ubuntu:ssh-rsa AAAAB3NzaC1yc2EAAAADAQABAAACAQDuShLgqERBWIriYnymqnQabUmCXIWlfwJIVt1RBHaCdHQiI9kKRrPcV3fUjvvrJIXZ90n+ZcuacpJeeASj5c5Cm5ZBcsFIq+L9fN91gZLtE3WNrMKEUa19jYLO/0xho1BbmQ8D3ZgU5/xnmgQ4otmKM1hFdXfHhWJeltUDO6d688cLEawxCwvu2bBw/JcYdFj/ngDxomzbFkoCXZrDqTJsXJrhd1ncqC0onV7poU1m34F9EorX0YLu6yxq6V4hnKyk3RJTeNv9RVK3qxOSjSj8zzYJm4Sq2B8LskWyzvs0NmAvKTCRKp0Y+4eYUmZT35yEf5sUm98AsKckJP1obuo3eLChTCgcN4BLA0laN1MzZx5fIz7pFKYujjF4xGsaUfwJ/EnMrBvCcT4B/+iN4HSAD428WfmjILqcoiyTaLVTM2gaMjZz6oIzHT7KEPWGfU1YAo2er8pQ8LkY0Z+LJ9Z0X4kQxkY9/sUFRUjH8Kq3p0ttYMAKAo79hWPXQdDwJg68jOdQqsTWQTbQHZSjE2yCbjVvo8VmmgGoqpH5I1ypxcmmdzCGHhr2ZoqZULS91GrEO4M0q10x10Yv246tcNlUP8zOzS9XngSjSgjNsU/lKaUGLfmp0dipp1Btddr9Tcbfw4/4ZtmUI+b4JgQiTVcas4/PKUZSzrvbgTzxnMpC/Q== arich@HONOR\n"
            },
            "metadata_options": [
              {
                "aws_v1_http_endpoint": 1,
                "aws_v1_http_token": 2,
                "gce_http_endpoint": 1,
                "gce_http_token": 1
              }
            ],
            "name": "airflow-vm",
            "network_acceleration_type": "standard",
            "network_interface": [
              {
                "dns_record": [],
                "index": 0,
                "ip_address": "10.10.0.15",
                "ipv4": true,
                "ipv6": false,
                "ipv6_address": "",
                "ipv6_dns_record": [],
                "mac_address": "d0:0d:cc:30:bb:bc",
                "nat": true,
                "nat_dns_record": [],
                "nat_ip_address": "51.250.82.7",
                "nat_ip_version": "IPV4",
                "security_group_ids": [],
                "subnet_id": "e9bun2dnauajqniofs9t"
              }
            ],
            "placement_policy": [
              {
                "host_affinity_rules": [],
                "placement_group_id": "",
                "placement_group_partition": 0
              }
            ],
            "platform_id": "standard-v3",
            "resources": [
              {
                "core_fraction": 100,
                "cores": 4,
                "gpus": 0,
                "memory": 16
              }
            ],
            "scheduling_policy": [
              {
                "preemptible": false
              }
            ],
            "secondary_disk": [],
            "service_account_id": "ajejffu49c4hpd927ei4",
            "status": "running",
            "timeouts": null,
            "zone": "ru-central1-a"
          },
          "sensitive_attributes": [],
          "identity_schema_version": 0,
          "private": "eyJlMmJmYjczMC1lY2FhLTExZTYtOGY4OC0zNDM2M2JjN2M0YzAiOnsiY3JlYXRlIjozMDAwMDAwMDAwMDAsImRlbGV0ZSI6MzAwMDAwMDAwMDAwLCJ1cGRhdGUiOjMwMDAwMDAwMDAwMH0sInNjaGVtYV92ZXJzaW9uIjoiMSJ9",
          "dependencies": [
            "yandex_iam_service_account.vm_sa",
            "yandex_vpc_network.uni_network",
            "yandex_vpc_subnet.uni_subnet"
          ]
        }
      ]
    },
    {
      "mode": "managed",
      "type": "yandex_iam_service_account",
      "name": "vm_sa",
      "provider": "provider[\"registry.terraform.io/yandex-cloud/yandex\"]",
      "instances": [
        {
          "schema_version": 0,
          "attributes": {
            "created_at": "2026-05-07T17:09:07Z",
            "description": "",
            "folder_id": "b1gualomaijt1a9no9sa",
            "id": "ajejffu49c4hpd927ei4",
            "name": "uni-vm-sa",
            "timeouts": null
          },
          "sensitive_attributes": [],
          "identity_schema_version": 0,
          "private": "eyJlMmJmYjczMC1lY2FhLTExZTYtOGY4OC0zNDM2M2JjN2M0YzAiOnsiY3JlYXRlIjo2MDAwMDAwMDAwMCwiZGVsZXRlIjo2MDAwMDAwMDAwMCwidXBkYXRlIjo2MDAwMDAwMDAwMH19"
        }
      ]
    },
    {
      "mode": "managed",
      "type": "yandex_resourcemanager_folder_iam_member",
      "name": "vm_sa_storage",
      "provider": "provider[\"registry.terraform.io/yandex-cloud/yandex\"]",
      "instances": [
        {
          "schema_version": 0,
          "attributes": {
            "folder_id": "b1gualomaijt1a9no9sa",
            "id": "b1gualomaijt1a9no9sa/storage.editor/serviceAccount:ajejffu49c4hpd927ei4",
            "member": "serviceAccount:ajejffu49c4hpd927ei4",
            "role": "storage.editor",
            "sleep_after": null,
            "timeouts": null
          },
          "sensitive_attributes": [],
          "identity_schema_version": 0,
          "private": "eyJlMmJmYjczMC1lY2FhLTExZTYtOGY4OC0zNDM2M2JjN2M0YzAiOnsiY3JlYXRlIjo2MDAwMDAwMDAwMCwiZGVmYXVsdCI6NjAwMDAwMDAwMDAsImRlbGV0ZSI6NjAwMDAwMDAwMDAsInJlYWQiOjYwMDAwMDAwMDAwLCJ1cGRhdGUiOjYwMDAwMDAwMDAwfX0=",
          "dependencies": [
            "yandex_iam_service_account.vm_sa"
          ]
        }
      ]
    },
    {
      "mode": "managed",
      "type": "yandex_vpc_network",
      "name": "uni_network",
      "provider": "provider[\"registry.terraform.io/yandex-cloud/yandex\"]",
      "instances": [
        {
          "schema_version": 0,
          "attributes": {
            "created_at": "2026-05-07T17:09:07Z",
            "default_security_group_id": "enpfgcg7bf23bcpchj7s",
            "description": "",
            "folder_id": "b1gualomaijt1a9no9sa",
            "id": "enpcmgo39lhup5875b7l",
            "labels": {},
            "name": "uni-network",
            "subnet_ids": [
              "e9bun2dnauajqniofs9t"
            ],
            "timeouts": null
          },
          "sensitive_attributes": [],
          "identity_schema_version": 0,
          "private": "eyJlMmJmYjczMC1lY2FhLTExZTYtOGY4OC0zNDM2M2JjN2M0YzAiOnsiY3JlYXRlIjo2MDAwMDAwMDAwMCwiZGVsZXRlIjo2MDAwMDAwMDAwMCwidXBkYXRlIjo2MDAwMDAwMDAwMH19"
        }
      ]
    },
    {
      "mode": "managed",
      "type": "yandex_vpc_subnet",
      "name": "uni_subnet",
      "provider": "provider[\"registry.terraform.io/yandex-cloud/yandex\"]",
      "instances": [
        {
          "schema_version": 0,
          "attributes": {
            "created_at": "2026-05-07T17:09:09Z",
            "description": "",
            "dhcp_options": [],
            "folder_id": "b1gualomaijt1a9no9sa",
            "id": "e9bun2dnauajqniofs9t",
            "labels": {},
            "name": "uni-subnet",
            "network_id": "enpcmgo39lhup5875b7l",
            "route_table_id": "",
            "timeouts": null,
            "v4_cidr_blocks": [
              "10.10.0.0/24"
            ],
            "v6_cidr_blocks": [],
            "zone": "ru-central1-a"
          },
          "sensitive_attributes": [],
          "identity_schema_version": 0,
          "private": "eyJlMmJmYjczMC1lY2FhLTExZTYtOGY4OC0zNDM2M2JjN2M0YzAiOnsiY3JlYXRlIjoxODAwMDAwMDAwMDAsImRlbGV0ZSI6MTgwMDAwMDAwMDAwLCJ1cGRhdGUiOjE4MDAwMDAwMDAwMH19",
          "dependencies": [
            "yandex_vpc_network.uni_network"
          ]
        }
      ]
    }
  ],
  "check_results": null
}
